
Microsoft Visual Studio Solution File, Format Version 12.00
# Visual Studio Version 17
VisualStudioVersion = 17.8.34511.84
MinimumVisualStudioVersion = 10.0.40219.1
Project("{9A19103F-16F7-4668-BE54-9A1E7A4F7556}") = "VinnyLibConverterKernel", "src\VinnyLibConverterKernel\VinnyLibConverterKernel.csproj", "{F4BADD27-9117-4466-BC13-78B6FD0FEDA5}"
EndProject
Project("{9A19103F-16F7-4668-BE54-9A1E7A4F7556}") = "VinnyLibConverterCommon", "src\VinnyLibConverterCommon\VinnyLibConverterCommon.csproj", "{7D9E6928-677D-4A78-A276-9D93C8F4499F}"
EndProject
Project("{2150E333-8FDC-42A3-9474-1A3956D46DE8}") = "CdeFormats", "CdeFormats", "{EAC21F9B-E76A-4760-8619-6E510FF5DC62}"
EndProject
Project("{9A19103F-16F7-4668-BE54-9A1E7A4F7556}") = "VinnyLibConverter_DotBIM", "src\VinnyLibConverter_DotBIM\VinnyLibConverter_DotBIM.csproj", "{6E390798-A874-4E07-B79F-5E9DED0CE0C0}"
EndProject
Project("{9A19103F-16F7-4668-BE54-9A1E7A4F7556}") = "VinnyLibConverterCLI", "src\VinnyLibConverterCLI\VinnyLibConverterCLI.csproj", "{780AB9C5-ED6F-4B11-A49A-5FF6F8AF7B37}"
EndProject
Project("{2150E333-8FDC-42A3-9474-1A3956D46DE8}") = "Solution Items", "Solution Items", "{8152DFA0-677A-4F8C-8625-2ACF924E2CB1}"
	ProjectSection(SolutionItems) = preProject
		.editorconfig = .editorconfig
		.gitignore = .gitignore
		LICENSE = LICENSE
		README.md = README.md
	EndProjectSection
EndProject
Project("{9A19103F-16F7-4668-BE54-9A1E7A4F7556}") = "VinnyLibConverter_SMDX", "src\VinnyLibConverter_SMDX\VinnyLibConverter_SMDX.csproj", "{E9BE88F5-9605-461E-AE55-7725454A82D5}"
EndProject
Project("{FAE04EC0-301F-11D3-BF4B-00C04F79EFBC}") = "VinnyLibConverterLogger", "src\VinnyLibConverterLogger\VinnyLibConverterLogger.csproj", "{ED41E516-7636-447A-9AAA-E314CC6F4AF4}"
EndProject
Global
	GlobalSection(SolutionConfigurationPlatforms) = preSolution
		Debug|Any CPU = Debug|Any CPU
		Release|Any CPU = Release|Any CPU
	EndGlobalSection
	GlobalSection(ProjectConfigurationPlatforms) = postSolution
		{F4BADD27-9117-4466-BC13-78B6FD0FEDA5}.Debug|Any CPU.ActiveCfg = Debug|Any CPU
		{F4BADD27-9117-4466-BC13-78B6FD0FEDA5}.Debug|Any CPU.Build.0 = Debug|Any CPU
		{F4BADD27-9117-4466-BC13-78B6FD0FEDA5}.Release|Any CPU.ActiveCfg = Release|Any CPU
		{F4BADD27-9117-4466-BC13-78B6FD0FEDA5}.Release|Any CPU.Build.0 = Release|Any CPU
		{7D9E6928-677D-4A78-A276-9D93C8F4499F}.Debug|Any CPU.ActiveCfg = Debug|Any CPU
		{7D9E6928-677D-4A78-A276-9D93C8F4499F}.Debug|Any CPU.Build.0 = Debug|Any CPU
		{7D9E6928-677D-4A78-A276-9D93C8F4499F}.Release|Any CPU.ActiveCfg = Release|Any CPU
		{7D9E6928-677D-4A78-A276-9D93C8F4499F}.Release|Any CPU.Build.0 = Release|Any CPU
		{6E390798-A874-4E07-B79F-5E9DED0CE0C0}.Debug|Any CPU.ActiveCfg = Debug|Any CPU
		{6E390798-A874-4E07-B79F-5E9DED0CE0C0}.Debug|Any CPU.Build.0 = Debug|Any CPU
		{6E390798-A874-4E07-B79F-5E9DED0CE0C0}.Release|Any CPU.ActiveCfg = Release|Any CPU
		{6E390798-A874-4E07-B79F-5E9DED0CE0C0}.Release|Any CPU.Build.0 = Release|Any CPU
		{780AB9C5-ED6F-4B11-A49A-5FF6F8AF7B37}.Debug|Any CPU.ActiveCfg = Debug|Any CPU
		{780AB9C5-ED6F-4B11-A49A-5FF6F8AF7B37}.Debug|Any CPU.Build.0 = Debug|Any CPU
		{780AB9C5-ED6F-4B11-A49A-5FF6F8AF7B37}.Release|Any CPU.ActiveCfg = Release|Any CPU
		{780AB9C5-ED6F-4B11-A49A-5FF6F8AF7B37}.Release|Any CPU.Build.0 = Release|Any CPU
		{E9BE88F5-9605-461E-AE55-7725454A82D5}.Debug|Any CPU.ActiveCfg = Debug|Any CPU
		{E9BE88F5-9605-461E-AE55-7725454A82D5}.Debug|Any CPU.Build.0 = Debug|Any CPU
		{E9BE88F5-9605-461E-AE55-7725454A82D5}.Release|Any CPU.ActiveCfg = Release|Any CPU
		{E9BE88F5-9605-461E-AE55-7725454A82D5}.Release|Any CPU.Build.0 = Release|Any CPU
		{ED41E516-7636-447A-9AAA-E314CC6F4AF4}.Debug|Any CPU.ActiveCfg = Debug|Any CPU
		{ED41E516-7636-447A-9AAA-E314CC6F4AF4}.Debug|Any CPU.Build.0 = Debug|Any CPU
		{ED41E516-7636-447A-9AAA-E314CC6F4AF4}.Release|Any CPU.ActiveCfg = Release|Any CPU
		{ED41E516-7636-447A-9AAA-E314CC6F4AF4}.Release|Any CPU.Build.0 = Release|Any CPU
	EndGlobalSection
	GlobalSection(SolutionProperties) = preSolution
		HideSolutionNode = FALSE
	EndGlobalSection
	GlobalSection(NestedProjects) = preSolution
		{6E390798-A874-4E07-B79F-5E9DED0CE0C0} = {EAC21F9B-E76A-4760-8619-6E510FF5DC62}
		{E9BE88F5-9605-461E-AE55-7725454A82D5} = {EAC21F9B-E76A-4760-8619-6E510FF5DC62}
	EndGlobalSection
	GlobalSection(ExtensibilityGlobals) = postSolution
		SolutionGuid = {1DCD40E1-09D7-4088-8513-C5D3DE6FF16F}
	EndGlobalSection
EndGlobal
